
Microsoft Visual Studio Solution File, Format Version 12.00
# Visual Studio Version 17
VisualStudioVersion = 17.3.32929.385
MinimumVisualStudioVersion = 10.0.40219.1
Project("{888888A0-9F3D-457C-B088-3A5042F75D52}") = "dungeons_and_pythons", "dungeons_and_pythons.pyproj", "{813C4BB0-9364-48D8-A533-DE21A3AE8CE1}"
EndProject
Global
	GlobalSection(SolutionConfigurationPlatforms) = preSolution
		Debug|Any CPU = Debug|Any CPU
		Release|Any CPU = Release|Any CPU
	EndGlobalSection
	GlobalSection(ProjectConfigurationPlatforms) = postSolution
		{813C4BB0-9364-48D8-A533-DE21A3AE8CE1}.Debug|Any CPU.ActiveCfg = Debug|Any CPU
		{813C4BB0-9364-48D8-A533-DE21A3AE8CE1}.Release|Any CPU.ActiveCfg = Release|Any CPU
	EndGlobalSection
	GlobalSection(SolutionProperties) = preSolution
		HideSolutionNode = FALSE
	EndGlobalSection
	GlobalSection(ExtensibilityGlobals) = postSolution
		SolutionGuid = {C754DB54-AB98-4A20-8818-FE2A23BA1775}
	EndGlobalSection
EndGlobal
